{
  "name": "github-copilot-claude-haiku",
  "version": "1.0.0",
  "lockfileVersion": 3,
  "requires": true,
  "packages": {
    "": {
      "name": "github-copilot-claude-haiku",
      "version": "1.0.0",
      "license": "ISC",
      "dependencies": {
        "@github/copilot-sdk": "^1.0.0"
      }
    },
    "node_modules/@github/copilot-darwin-arm64": {
      "version": "1.0.62",
      "resolved": "https://registry.npmjs.org/@github/copilot-darwin-arm64/-/copilot-darwin-arm64-1.0.62.tgz",
      "integrity": "sha512-ShFS6+O/9SzXT7WelzRnbDo/RWieTnEsACcarfYunbYb5CWbc3VDgpWc6ispn6UbLXFxO5Nj26j6vMlRqYugfA==",
      "cpu": [
        "arm64"
      ],
      "license": "SEE LICENSE IN LICENSE.md",
      "optional": true,
      "os": [
        "darwin"
      ],
      "bin": {
        "copilot-darwin-arm64": "copilot"
      }
    },
    "node_modules/@github/copilot-darwin-x64": {
      "version": "1.0.62",
      "resolved": "https://registry.npmjs.org/@github/copilot-darwin-x64/-/copilot-darwin-x64-1.0.62.tgz",
      "integrity": "sha512-6Ne9q04o/bIJyGciFqv0zu+6VftEA9BZahvg9QrBt/tMHxJ1IhY8//0deQlPtFh2hu5gaWp64hBjTBY3ViJkKA==",
      "cpu": [
        "x64"
      ],
      "license": "SEE LICENSE IN LICENSE.md",
      "optional": true,
      "os": [
        "darwin"
      ],
      "bin": {
        "copilot-darwin-x64": "copilot"
      }
    },
    "node_modules/@github/copilot-linux-arm64": {
      "version": "1.0.62",
      "resolved": "https://registry.npmjs.org/@github/copilot-linux-arm64/-/copilot-linux-arm64-1.0.62.tgz",
      "integrity": "sha512-PAEU/VyJ/6AUc+p5BfpuKVXUEZhQSZT26hiEf6R2ZxSOAL1BZPXj1BuqniFdBghP7SS2JKh6M5FM7oT0PomKPg==",
      "cpu": [
        "arm64"
      ],
      "libc": [
        "glibc"
      ],
      "license": "SEE LICENSE IN LICENSE.md",
      "optional": true,
      "os": [
        "linux"
      ],
      "bin": {
        "copilot-linux-arm64": "copilot"
      }
    },
    "node_modules/@github/copilot-linux-x64": {
      "version": "1.0.62",
      "resolved": "https://registry.npmjs.org/@github/copilot-linux-x64/-/copilot-linux-x64-1.0.62.tgz",
      "integrity": "sha512-XE+O7a1lyF6fhWrALPuyXARAwvVKSzbH+L1cbQU/BdVgx6TR68B0MMX3ByJTnwjGSzfxxVs2LI6nMrcbTyXhUQ==",
      "cpu": [
        "x64"
      ],
      "libc": [
        "glibc"
      ],
      "license": "SEE LICENSE IN LICENSE.md",
      "optional": true,
      "os": [
        "linux"
      ],
      "bin": {
        "copilot-linux-x64": "copilot"
      }
    },
    "node_modules/@github/copilot-linuxmusl-arm64": {
      "version": "1.0.62",
      "resolved": "https://registry.npmjs.org/@github/copilot-linuxmusl-arm64/-/copilot-linuxmusl-arm64-1.0.62.tgz",
      "integrity": "sha512-kww9Hi75i5BVhzrIgQnA/gz48m7A7aLkzG/ci2cRvuI7gTG3XzX+b93mpNqOcVD4yN1oqWza49rWnElJhjSvvg==",
      "cpu": [
        "arm64"
      ],
      "libc": [
        "musl"
      ],
      "license": "SEE LICENSE IN LICENSE.md",
      "optional": true,
      "os": [
        "linux"
      ],
      "bin": {
        "copilot-linuxmusl-arm64": "copilot"
      }
    },
    "node_modules/@github/copilot-linuxmusl-x64": {
      "version": "1.0.62",
      "resolved": "https://registry.npmjs.org/@github/copilot-linuxmusl-x64/-/copilot-linuxmusl-x64-1.0.62.tgz",
      "integrity": "sha512-6sC/Uz1OsMltkd0eqg7so5WyejnSxhnu2sY6rfVsn0epJ9wQyMXcjUDSHaY9DobUaF7HpgT3EPzU9Ncs0rByCQ==",
      "cpu": [
        "x64"
      ],
      "libc": [
        "musl"
      ],
      "license": "SEE LICENSE IN LICENSE.md",
      "optional": true,
      "os": [
        "linux"
      ],
      "bin": {
        "copilot-linuxmusl-x64": "copilot"
      }
    },
    "node_modules/@github/copilot-sdk": {
      "version": "1.0.1",
      "license": "MIT",
      "dependencies": {
        "@github/copilot": "^1.0.61",
        "vscode-jsonrpc": "^8.2.1",
        "zod": "^4.3.6"
      },
      "engines": {
        "node": "^20.19.0 || >=22.12.0"
      }
    },
    "node_modules/@github/copilot-sdk/node_modules/@github/copilot": {
      "version": "1.0.62",
      "resolved": "https://registry.npmjs.org/@github/copilot/-/copilot-1.0.62.tgz",
      "integrity": "sha512-jR2msL2xmLPHvcfnQnIJuaM9oEoL8qcjmsVOkyUrsqBVRGw2HaaFx9yAB4NLR+ub/XrhaIdnV91/4URR59Utbw==",
      "license": "SEE LICENSE IN LICENSE.md",
      "dependencies": {
        "detect-libc": "^2.1.2",
        "os-theme": "^0.0.8"
      },
      "bin": {
        "copilot": "npm-loader.js"
      },
      "optionalDependencies": {
        "@github/copilot-darwin-arm64": "1.0.62",
        "@github/copilot-darwin-x64": "1.0.62",
        "@github/copilot-linux-arm64": "1.0.62",
        "@github/copilot-linux-x64": "1.0.62",
        "@github/copilot-linuxmusl-arm64": "1.0.62",
        "@github/copilot-linuxmusl-x64": "1.0.62",
        "@github/copilot-win32-arm64": "1.0.62",
        "@github/copilot-win32-x64": "1.0.62"
      }
    },
    "node_modules/@github/copilot-win32-arm64": {
      "version": "1.0.62",
      "resolved": "https://registry.npmjs.org/@github/copilot-win32-arm64/-/copilot-win32-arm64-1.0.62.tgz",
      "integrity": "sha512-kPpckuVCEvuXOEW+FNTs4AbF3I3/O8dA+S0wSyehNVzQczJRIpI+SDIGGXzehThw8EM2yf2mkcl9KfFq/ji18Q==",
      "cpu": [
        "arm64"
      ],
      "license": "SEE LICENSE IN LICENSE.md",
      "optional": true,
      "os": [
        "win32"
      ],
      "bin": {
        "copilot-win32-arm64": "copilot.exe"
      }
    },
    "node_modules/@github/copilot-win32-x64": {
      "version": "1.0.62",
      "cpu": [
        "x64"
      ],
      "license": "SEE LICENSE IN LICENSE.md",
      "optional": true,
      "os": [
        "win32"
      ],
      "bin": {
        "copilot-win32-x64": "copilot.exe"
      }
    },
    "node_modules/@os-theme/win32-x64": {
      "version": "0.0.8",
      "cpu": [
        "x64"
      ],
      "license": "MIT",
      "optional": true,
      "os": [
        "win32"
      ]
    },
    "node_modules/detect-libc": {
      "version": "2.1.2",
      "license": "Apache-2.0",
      "engines": {
        "node": ">=8"
      }
    },
    "node_modules/os-theme": {
      "version": "0.0.8",
      "license": "MIT",
      "optionalDependencies": {
        "@os-theme/darwin-arm64": "0.0.8",
        "@os-theme/linux-x64": "0.0.8",
        "@os-theme/win32-x64": "0.0.8"
      },
      "peerDependencies": {
        "typescript": "^5"
      }
    },
    "node_modules/typescript": {
      "version": "5.9.3",
      "license": "Apache-2.0",
      "peer": true,
      "bin": {
        "tsc": "bin/tsc",
        "tsserver": "bin/tsserver"
      },
      "engines": {
        "node": ">=14.17"
      }
    },
    "node_modules/vscode-jsonrpc": {
      "version": "8.2.1",
      "license": "MIT",
      "engines": {
        "node": ">=14.0.0"
      }
    },
    "node_modules/zod": {
      "version": "4.4.3",
      "license": "MIT",
      "funding": {
        "url": "https://github.com/sponsors/colinhacks"
      }
    }
  }
}
